<?xml version="1.0" encoding="utf-8"?>
<Project xmlns="http://schemas.microsoft.com/developer/msbuild/2003">
  <ItemGroup>
    <Filter Include="Form Files">
      <UniqueIdentifier>{99349809-55BA-4b9d-BF79-8FDBB0286EB3}</UniqueIdentifier>
      <Extensions>ui</Extensions>
      <ParseFiles>false</ParseFiles>
    </Filter>
    <Filter Include="Form Files">
      <UniqueIdentifier>{99349809-55BA-4b9d-BF79-8FDBB0286EB3}</UniqueIdentifier>
      <Extensions>ui</Extensions>
      <ParseFiles>false</ParseFiles>
    </Filter>
    <Filter Include="Generated Files">
      <UniqueIdentifier>{71ED8ED8-ACB9-4CE9-BBE1-E00B30144E11}</UniqueIdentifier>
      <Extensions>cpp;c;cxx;moc;h;def;odl;idl;res;</Extensions>
    </Filter>
    <Filter Include="Generated Files">
      <UniqueIdentifier>{71ED8ED8-ACB9-4CE9-BBE1-E00B30144E11}</UniqueIdentifier>
      <Extensions>cpp;c;cxx;moc;h;def;odl;idl;res;</Extensions>
    </Filter>
    <Filter Include="Header Files">
      <UniqueIdentifier>{93995380-89BD-4b04-88EB-625FBE52EBFB}</UniqueIdentifier>
      <Extensions>h;hpp;hxx;hm;inl;inc;xsd</Extensions>
    </Filter>
    <Filter Include="Header Files">
      <UniqueIdentifier>{93995380-89BD-4b04-88EB-625FBE52EBFB}</UniqueIdentifier>
      <Extensions>h;hpp;hxx;hm;inl;inc;xsd</Extensions>
    </Filter>
    <Filter Include="Resource Files">
      <UniqueIdentifier>{D9D6E242-F8AF-46E4-B9FD-80ECBC20BA3E}</UniqueIdentifier>
      <Extensions>qrc;*</Extensions>
      <ParseFiles>false</ParseFiles>
    </Filter>
    <Filter Include="Resource Files">
      <UniqueIdentifier>{D9D6E242-F8AF-46E4-B9FD-80ECBC20BA3E}</UniqueIdentifier>
      <Extensions>qrc;*</Extensions>
      <ParseFiles>false</ParseFiles>
    </Filter>
    <Filter Include="Source Files">
      <UniqueIdentifier>{4FC737F1-C7A5-4376-A066-2A32D752A2FF}</UniqueIdentifier>
      <Extensions>cpp;c;cxx;def;odl;idl;hpj;bat;asm;asmx</Extensions>
    </Filter>
    <Filter Include="Source Files">
      <UniqueIdentifier>{4FC737F1-C7A5-4376-A066-2A32D752A2FF}</UniqueIdentifier>
      <Extensions>cpp;c;cxx;def;odl;idl;hpj;bat;asm;asmx</Extensions>
    </Filter>
    <Filter Include="Translation Files">
      <UniqueIdentifier>{639EADAA-A684-42e4-A9AD-28FC9BCB8F7C}</UniqueIdentifier>
      <Extensions>ts;xlf</Extensions>
      <ParseFiles>false</ParseFiles>
    </Filter>
    <Filter Include="Translation Files">
      <UniqueIdentifier>{639EADAA-A684-42e4-A9AD-28FC9BCB8F7C}</UniqueIdentifier>
      <Extensions>ts;xlf</Extensions>
      <ParseFiles>false</ParseFiles>
    </Filter>
  </ItemGroup>
  <ItemGroup>
    <ClCompile Include="DriverWrapper.cpp">
      <Filter>Source Files</Filter>
    </ClCompile>
    <ClCompile Include="Encode.cpp">
      <Filter>Source Files</Filter>
    </ClCompile>
    <ClCompile Include="Event.cpp">
      <Filter>Source Files</Filter>
    </ClCompile>
    <ClCompile Include="EventFilter.cpp">
      <Filter>Source Files</Filter>
    </ClCompile>
    <ClCompile Include="EventMgr.cpp">
      <Filter>Source Files</Filter>
    </ClCompile>
    <ClCompile Include="Image.cpp">
      <Filter>Source Files</Filter>
    </ClCompile>
    <ClCompile Include="Message.cpp">
      <Filter>Source Files</Filter>
    </ClCompile>
    <ClCompile Include="ModuleMgr.cpp">
      <Filter>Source Files</Filter>
    </ClCompile>
    <ClCompile Include="ProcessMgr.cpp">
      <Filter>Source Files</Filter>
    </ClCompile>
    <ClCompile Include="ProcessTree.cpp">
      <Filter>Source Files</Filter>
    </ClCompile>
    <ClCompile Include="StringMgr.cpp">
      <Filter>Source Files</Filter>
    </ClCompile>
    <ClCompile Include="callstacktable.cpp">
      <Filter>Source Files</Filter>
    </ClCompile>
    <ClCompile Include="clickablelineedit.cpp">
      <Filter>Source Files</Filter>
    </ClCompile>
    <ClCompile Include="dlmalloc.c">
      <Filter>Source Files</Filter>
    </ClCompile>
    <ClCompile Include="driverloader.cpp">
      <Filter>Source Files</Filter>
    </ClCompile>
    <ClCompile Include="eventinfodialog.cpp">
      <Filter>Source Files</Filter>
    </ClCompile>
    <ClCompile Include="eventtable.cpp">
      <Filter>Source Files</Filter>
    </ClCompile>
    <ClCompile Include="filterdialog.cpp">
      <Filter>Source Files</Filter>
    </ClCompile>
    <ClCompile Include="filterloadingdialog.cpp">
      <Filter>Source Files</Filter>
    </ClCompile>
    <ClCompile Include="filtertable.cpp">
      <Filter>Source Files</Filter>
    </ClCompile>
    <ClCompile Include="main.cpp">
      <Filter>Source Files</Filter>
    </ClCompile>
    <ClCompile Include="mainwindow.cpp">
      <Filter>Source Files</Filter>
    </ClCompile>
    <ClCompile Include="minidump.cpp">
      <Filter>Source Files</Filter>
    </ClCompile>
    <ClCompile Include="nt.cpp">
      <Filter>Source Files</Filter>
    </ClCompile>
    <ClCompile Include="processinfodialog.cpp">
      <Filter>Source Files</Filter>
    </ClCompile>
    <ClCompile Include="ps.cpp">
      <Filter>Source Files</Filter>
    </ClCompile>
    <ClCompile Include="registry.cpp">
      <Filter>Source Files</Filter>
    </ClCompile>
    <ClCompile Include="symloaddialog.cpp">
      <Filter>Source Files</Filter>
    </ClCompile>
    <ClCompile Include="syscallmon.cpp">
      <Filter>Source Files</Filter>
    </ClCompile>
    <ClCompile Include="util.cpp">
      <Filter>Source Files</Filter>
    </ClCompile>
    <ClCompile Include=".\syscallmon_plugin_import.cpp">
      <Filter>Generated Files</Filter>
    </ClCompile>
  </ItemGroup>
  <ItemGroup>
    <ClInclude Include="DriverWrapper.h">
      <Filter>Header Files</Filter>
    </ClInclude>
    <ClInclude Include="Encode.h">
      <Filter>Header Files</Filter>
    </ClInclude>
    <ClInclude Include="EventFilter.h">
      <Filter>Header Files</Filter>
    </ClInclude>
    <QtMoc Include="EventMgr.h">
      <Filter>Header Files</Filter>
    </QtMoc>
    <QtMoc Include="EventTable.h">
      <Filter>Header Files</Filter>
    </QtMoc>
    <QtMoc Include="ModuleMgr.h">
      <Filter>Header Files</Filter>
    </QtMoc>
    <QtMoc Include="ProcessMgr.h">
      <Filter>Header Files</Filter>
    </QtMoc>
    <QtMoc Include="ProcessTree.h">
      <Filter>Header Files</Filter>
    </QtMoc>
    <QtMoc Include="StringMgr.h">
      <Filter>Header Files</Filter>
    </QtMoc>
    <QtMoc Include="callstacktable.h">
      <Filter>Header Files</Filter>
    </QtMoc>
    <QtMoc Include="clickablelineedit.h">
      <Filter>Header Files</Filter>
    </QtMoc>
    <ClInclude Include="driverloader.h">
      <Filter>Header Files</Filter>
    </ClInclude>
    <QtMoc Include="eventinfodialog.h">
      <Filter>Header Files</Filter>
    </QtMoc>
    <QtMoc Include="filterdialog.h">
      <Filter>Header Files</Filter>
    </QtMoc>
    <QtMoc Include="filterloadingdialog.h">
      <Filter>Header Files</Filter>
    </QtMoc>
    <QtMoc Include="filtertable.h">
      <Filter>Header Files</Filter>
    </QtMoc>
    <QtMoc Include="mainwindow.h">
      <Filter>Header Files</Filter>
    </QtMoc>
    <ClInclude Include="nt.h">
      <Filter>Header Files</Filter>
    </ClInclude>
    <QtMoc Include="processinfodialog.h">
      <Filter>Header Files</Filter>
    </QtMoc>
    <ClInclude Include="ps.h">
      <Filter>Header Files</Filter>
    </ClInclude>
    <ClInclude Include="registry.h">
      <Filter>Header Files</Filter>
    </ClInclude>
    <QtMoc Include="symloaddialog.h">
      <Filter>Header Files</Filter>
    </QtMoc>
    <QtMoc Include="syscallmon.h">
      <Filter>Header Files</Filter>
    </QtMoc>
    <ClInclude Include="util.h">
      <Filter>Header Files</Filter>
    </ClInclude>
  </ItemGroup>
  <ItemGroup>
    <CustomBuild Include="debug\moc_predefs.h.cbt">
      <Filter>Generated Files</Filter>
    </CustomBuild>
    <CustomBuild Include="release\moc_predefs.h.cbt">
      <Filter>Generated Files</Filter>
    </CustomBuild>
  </ItemGroup>
  <ItemGroup>
    <None Include="cn.ts">
      <Filter>Translation Files</Filter>
    </None>
  </ItemGroup>
  <ItemGroup>
    <QtUic Include="eventinfodialog.ui">
      <Filter>Form Files</Filter>
    </QtUic>
    <QtUic Include="filterdialog.ui">
      <Filter>Form Files</Filter>
    </QtUic>
    <QtUic Include="filterloadingdialog.ui">
      <Filter>Form Files</Filter>
    </QtUic>
    <QtUic Include="mainwindow.ui">
      <Filter>Form Files</Filter>
    </QtUic>
    <QtUic Include="processinfodialog.ui">
      <Filter>Form Files</Filter>
    </QtUic>
    <QtUic Include="symloaddialog.ui">
      <Filter>Form Files</Filter>
    </QtUic>
  </ItemGroup>
  <ItemGroup>
    <None Include="SyscallMon.ico">
      <Filter>Resource Files</Filter>
    </None>
    <QtRcc Include="resource.qrc">
      <Filter>Resource Files</Filter>
    </QtRcc>
  </ItemGroup>
  <ItemGroup>
    <ResourceCompile Include="SyscallMon.rc" />
  </ItemGroup>
</Project>